{
    "name": "hello-uniapp-x",
    "version": "1.0.35",
    "lockfileVersion": 3,
    "requires": true,
    "packages": {
        "": {
            "name": "hello-uniapp-x",
            "version": "1.0.35",
            "license": "MIT",
            "engines": {
                "HBuilderX": "^3.99"
            }
        }
    }
}
